{
  "originHash" : "09a5dc260fa660800fb8dbc5954eca4c06c9977a35d920be9462ba49c85a1122",
  "pins" : [
    {
      "identity" : "chronicle",
      "kind" : "remoteSourceControl",
      "location" : "https://github.com/ios-tooling/Chronicle/",
      "state" : {
        "revision" : "f16ceaf9fb951092edc7d7ffb77b3fa8f78889d8",
        "version" : "0.0.23"
      }
    },
    {
      "identity" : "convey",
      "kind" : "remoteSourceControl",
      "location" : "https://github.com/ios-tooling/Convey",
      "state" : {
        "revision" : "3bf3ad51c27f87c56ce1f4836379a34dab10982b",
        "version" : "3.2.6"
      }
    },
    {
      "identity" : "funnelvision",
      "kind" : "remoteSourceControl",
      "location" : "https://github.com/ios-tooling/FunnelVision",
      "state" : {
        "branch" : "main",
        "revision" : "a68e26ae1740196f666a93d05569777ffd8b3487"
      }
    },
    {
      "identity" : "johnnycache",
      "kind" : "remoteSourceControl",
      "location" : "https://github.com/ios-tooling/JohnnyCache.git",
      "state" : {
        "revision" : "e596c9f607cbba6c2fccf30ddda722c5cd5f1eb8",
        "version" : "1.0.16"
      }
    },
    {
      "identity" : "sharedsettings",
      "kind" : "remoteSourceControl",
      "location" : "https://github.com/ios-tooling/SharedSettings",
      "state" : {
        "revision" : "9c0369eae628babd2910fc2aceb2b40250f4e023",
        "version" : "1.0.8"
      }
    },
    {
      "identity" : "swift-cmark",
      "kind" : "remoteSourceControl",
      "location" : "https://github.com/swiftlang/swift-cmark.git",
      "state" : {
        "revision" : "5d9bdaa4228b381639fff09403e39a04926e2dbe",
        "version" : "0.7.1"
      }
    },
    {
      "identity" : "swift-markdown",
      "kind" : "remoteSourceControl",
      "location" : "https://github.com/swiftlang/swift-markdown",
      "state" : {
        "revision" : "7d9a5ce307528578dfa777d505496bd5f544ad94",
        "version" : "0.7.3"
      }
    },
    {
      "identity" : "tagalong",
      "kind" : "remoteSourceControl",
      "location" : "https://github.com/ios-tooling/TagAlong/",
      "state" : {
        "revision" : "f7ddf6ae68e18703c209923210e8a713beb280f3",
        "version" : "0.0.4"
      }
    }
  ],
  "version" : 3
}
